// !$*UTF8*$!
{
	archiveVersion = 1;
	classes = {
	};
	objectVersion = 50;
	objects = {

/* Begin PBXBuildFile section */
		65085EF526170AFF0064F777 /* img0002.jpg in Resources */ = {isa = PBXBuildFile; fileRef = 65085EC526170AFD0064F777 /* img0002.jpg */; };
		65085EF626170AFF0064F777 /* img0010.json in Resources */ = {isa = PBXBuildFile; fileRef = 65085EC626170AFD0064F777 /* img0010.json */; };
		65085EF726170AFF0064F777 /* img0009.jpg in Resources */ = {isa = PBXBuildFile; fileRef = 65085EC726170AFD0064F777 /* img0009.jpg */; };
		65085EF826170AFF0064F777 /* img0008.jpg in Resources */ = {isa = PBXBuildFile; fileRef = 65085EC826170AFD0064F777 /* img0008.jpg */; };
		65085EF926170AFF0064F777 /* img0006.jpg in Resources */ = {isa = PBXBuildFile; fileRef = 65085EC926170AFD0064F777 /* img0006.jpg */; };
		65085EFA26170AFF0064F777 /* img0005.jpg in Resources */ = {isa = PBXBuildFile; fileRef = 65085ECA26170AFD0064F777 /* img0005.jpg */; };
		65085EFB26170AFF0064F777 /* img0017.json in Resources */ = {isa = PBXBuildFile; fileRef = 65085ECB26170AFD0064F777 /* img0017.json */; };
		65085EFC26170AFF0064F777 /* img0017.jpg in Resources */ = {isa = PBXBuildFile; fileRef = 65085ECC26170AFD0064F777 /* img0017.jpg */; };
		65085EFD26170AFF0064F777 /* img0019.json in Resources */ = {isa = PBXBuildFile; fileRef = 65085ECD26170AFD0064F777 /* img0019.json */; };
		65085EFE26170AFF0064F777 /* img0006.json in Resources */ = {isa = PBXBuildFile; fileRef = 65085ECE26170AFD0064F777 /* img0006.json */; };
		65085EFF26170AFF0064F777 /* img0022.json in Resources */ = {isa = PBXBuildFile; fileRef = 65085ECF26170AFD0064F777 /* img0022.json */; };
		65085F0026170AFF0064F777 /* img0023.json in Resources */ = {isa = PBXBuildFile; fileRef = 65085ED026170AFD0064F777 /* img0023.json */; };
		65085F0126170AFF0064F777 /* img0015.json in Resources */ = {isa = PBXBuildFile; fileRef = 65085ED126170AFD0064F777 /* img0015.json */; };
		65085F0226170AFF0064F777 /* img0012.jpg in Resources */ = {isa = PBXBuildFile; fileRef = 65085ED226170AFE0064F777 /* img0012.jpg */; };
		65085F0326170AFF0064F777 /* img0021.jpg in Resources */ = {isa = PBXBuildFile; fileRef = 65085ED326170AFE0064F777 /* img0021.jpg */; };
		65085F0426170AFF0064F777 /* img0011.json in Resources */ = {isa = PBXBuildFile; fileRef = 65085ED426170AFE0064F777 /* img0011.json */; };
		65085F0526170B000064F777 /* img0011.jpg in Resources */ = {isa = PBXBuildFile; fileRef = 65085ED526170AFE0064F777 /* img0011.jpg */; };
		65085F0626170B000064F777 /* img0019.jpg in Resources */ = {isa = PBXBuildFile; fileRef = 65085ED626170AFE0064F777 /* img0019.jpg */; };
		65085F0726170B000064F777 /* img0005.json in Resources */ = {isa = PBXBuildFile; fileRef = 65085ED726170AFE0064F777 /* img0005.json */; };
		65085F0826170B000064F777 /* img0003.jpg in Resources */ = {isa = PBXBuildFile; fileRef = 65085ED826170AFE0064F777 /* img0003.jpg */; };
		65085F0926170B000064F777 /* img0000.json in Resources */ = {isa = PBXBuildFile; fileRef = 65085ED926170AFE0064F777 /* img0000.json */; };
		65085F0A26170B000064F777 /* img0015.jpg in Resources */ = {isa = PBXBuildFile; fileRef = 65085EDA26170AFE0064F777 /* img0015.jpg */; };
		65085F0B26170B000064F777 /* img0018.jpg in Resources */ = {isa = PBXBuildFile; fileRef = 65085EDB26170AFE0064F777 /* img0018.jpg */; };
		65085F0C26170B000064F777 /* img0016.jpg in Resources */ = {isa = PBXBuildFile; fileRef = 65085EDC26170AFE0064F777 /* img0016.jpg */; };
		65085F0D26170B000064F777 /* img0016.json in Resources */ = {isa = PBXBuildFile; fileRef = 65085EDD26170AFE0064F777 /* img0016.json */; };
		65085F0E26170B000064F777 /* img0009.json in Resources */ = {isa = PBXBuildFile; fileRef = 65085EDE26170AFE0064F777 /* img0009.json */; };
		65085F0F26170B000064F777 /* img0002.json in Resources */ = {isa = PBXBuildFile; fileRef = 65085EDF26170AFE0064F777 /* img0002.json */; };
		65085F1026170B000064F777 /* img0014.json in Resources */ = {isa = PBXBuildFile; fileRef = 65085EE026170AFE0064F777 /* img0014.json */; };
		65085F1126170B000064F777 /* img0007.jpg in Resources */ = {isa = PBXBuildFile; fileRef = 65085EE126170AFE0064F777 /* img0007.jpg */; };
		65085F1226170B000064F777 /* img0013.json in Resources */ = {isa = PBXBuildFile; fileRef = 65085EE226170AFE0064F777 /* img0013.json */; };
		65085F1326170B000064F777 /* img0018.json in Resources */ = {isa = PBXBuildFile; fileRef = 65085EE326170AFF0064F777 /* img0018.json */; };
		65085F1426170B000064F777 /* img0020.json in Resources */ = {isa = PBXBuildFile; fileRef = 65085EE426170AFF0064F777 /* img0020.json */; };
		65085F1526170B000064F777 /* img0004.jpg in Resources */ = {isa = PBXBuildFile; fileRef = 65085EE526170AFF0064F777 /* img0004.jpg */; };
		65085F1626170B000064F777 /* img0022.jpg in Resources */ = {isa = PBXBuildFile; fileRef = 65085EE626170AFF0064F777 /* img0022.jpg */; };
		65085F1726170B000064F777 /* img0023.jpg in Resources */ = {isa = PBXBuildFile; fileRef = 65085EE726170AFF0064F777 /* img0023.jpg */; };
		65085F1826170B000064F777 /* img0004.json in Resources */ = {isa = PBXBuildFile; fileRef = 65085EE826170AFF0064F777 /* img0004.json */; };
		65085F1926170B000064F777 /* img0012.json in Resources */ = {isa = PBXBuildFile; fileRef = 65085EE926170AFF0064F777 /* img0012.json */; };
		65085F1A26170B000064F777 /* img0010.jpg in Resources */ = {isa = PBXBuildFile; fileRef = 65085EEA26170AFF0064F777 /* img0010.jpg */; };
		65085F1B26170B000064F777 /* img0013.jpg in Resources */ = {isa = PBXBuildFile; fileRef = 65085EEB26170AFF0064F777 /* img0013.jpg */; };
		65085F1C26170B000064F777 /* img0021.json in Resources */ = {isa = PBXBuildFile; fileRef = 65085EEC26170AFF0064F777 /* img0021.json */; };
		65085F1D26170B000064F777 /* img0001.json in Resources */ = {isa = PBXBuildFile; fileRef = 65085EED26170AFF0064F777 /* img0001.json */; };
		65085F1E26170B000064F777 /* img0014.jpg in Resources */ = {isa = PBXBuildFile; fileRef = 65085EEE26170AFF0064F777 /* img0014.jpg */; };
		65085F1F26170B000064F777 /* img0020.jpg in Resources */ = {isa = PBXBuildFile; fileRef = 65085EEF26170AFF0064F777 /* img0020.jpg */; };
		65085F2026170B000064F777 /* img0000.jpg in Resources */ = {isa = PBXBuildFile; fileRef = 65085EF026170AFF0064F777 /* img0000.jpg */; };
		65085F2126170B000064F777 /* img0001.jpg in Resources */ = {isa = PBXBuildFile; fileRef = 65085EF126170AFF0064F777 /* img0001.jpg */; };
		65085F2226170B000064F777 /* img0007.json in Resources */ = {isa = PBXBuildFile; fileRef = 65085EF226170AFF0064F777 /* img0007.json */; };
		65085F2326170B000064F777 /* img0008.json in Resources */ = {isa = PBXBuildFile; fileRef = 65085EF326170AFF0064F777 /* img0008.json */; };
		65085F2426170B000064F777 /* img0003.json in Resources */ = {isa = PBXBuildFile; fileRef = 65085EF426170AFF0064F777 /* img0003.json */; };
		6586AA622617073600D3D0F8 /* AppDelegate.swift in Sources */ = {isa = PBXBuildFile; fileRef = 6586AA612617073600D3D0F8 /* AppDelegate.swift */; };
		6586AA642617073600D3D0F8 /* SceneDelegate.swift in Sources */ = {isa = PBXBuildFile; fileRef = 6586AA632617073600D3D0F8 /* SceneDelegate.swift */; };
		6586AA662617073600D3D0F8 /* ViewController.swift in Sources */ = {isa = PBXBuildFile; fileRef = 6586AA652617073600D3D0F8 /* ViewController.swift */; };
		6586AA692617073600D3D0F8 /* Main.storyboard in Resources */ = {isa = PBXBuildFile; fileRef = 6586AA672617073600D3D0F8 /* Main.storyboard */; };
		6586AA6B2617073700D3D0F8 /* Assets.xcassets in Resources */ = {isa = PBXBuildFile; fileRef = 6586AA6A2617073700D3D0F8 /* Assets.xcassets */; };
		6586AA6E2617073700D3D0F8 /* LaunchScreen.storyboard in Resources */ = {isa = PBXBuildFile; fileRef = 6586AA6C2617073700D3D0F8 /* LaunchScreen.storyboard */; };
		6586AA792617073700D3D0F8 /* Gather_TestTests.swift in Sources */ = {isa = PBXBuildFile; fileRef = 6586AA782617073700D3D0F8 /* Gather_TestTests.swift */; };
		6586AA842617073700D3D0F8 /* Gather_TestUITests.swift in Sources */ = {isa = PBXBuildFile; fileRef = 6586AA832617073700D3D0F8 /* Gather_TestUITests.swift */; };
		65EA2DF4261737CB009F80B2 /* GatheredDataModel.swift in Sources */ = {isa = PBXBuildFile; fileRef = 65EA2DF3261737CB009F80B2 /* GatheredDataModel.swift */; };
/* End PBXBuildFile section */

/* Begin PBXContainerItemProxy section */
		6586AA752617073700D3D0F8 /* PBXContainerItemProxy */ = {
			isa = PBXContainerItemProxy;
			containerPortal = 6586AA562617073600D3D0F8 /* Project object */;
			proxyType = 1;
			remoteGlobalIDString = 6586AA5D2617073600D3D0F8;
			remoteInfo = "Gather-Test";
		};
		6586AA802617073700D3D0F8 /* PBXContainerItemProxy */ = {
			isa = PBXContainerItemProxy;
			containerPortal = 6586AA562617073600D3D0F8 /* Project object */;
			proxyType = 1;
			remoteGlobalIDString = 6586AA5D2617073600D3D0F8;
			remoteInfo = "Gather-Test";
		};
/* End PBXContainerItemProxy section */

/* Begin PBXFileReference section */
		65085EC526170AFD0064F777 /* img0002.jpg */ = {isa = PBXFileReference; lastKnownFileType = image.jpeg; path = img0002.jpg; sourceTree = "<group>"; };
		65085EC626170AFD0064F777 /* img0010.json */ = {isa = PBXFileReference; fileEncoding = 4; lastKnownFileType = text.json; path = img0010.json; sourceTree = "<group>"; };
		65085EC726170AFD0064F777 /* img0009.jpg */ = {isa = PBXFileReference; lastKnownFileType = image.jpeg; path = img0009.jpg; sourceTree = "<group>"; };
		65085EC826170AFD0064F777 /* img0008.jpg */ = {isa = PBXFileReference; lastKnownFileType = image.jpeg; path = img0008.jpg; sourceTree = "<group>"; };
		65085EC926170AFD0064F777 /* img0006.jpg */ = {isa = PBXFileReference; lastKnownFileType = image.jpeg; path = img0006.jpg; sourceTree = "<group>"; };
		65085ECA26170AFD0064F777 /* img0005.jpg */ = {isa = PBXFileReference; lastKnownFileType = image.jpeg; path = img0005.jpg; sourceTree = "<group>"; };
		65085ECB26170AFD0064F777 /* img0017.json */ = {isa = PBXFileReference; fileEncoding = 4; lastKnownFileType = text.json; path = img0017.json; sourceTree = "<group>"; };
		65085ECC26170AFD0064F777 /* img0017.jpg */ = {isa = PBXFileReference; lastKnownFileType = image.jpeg; path = img0017.jpg; sourceTree = "<group>"; };
		65085ECD26170AFD0064F777 /* img0019.json */ = {isa = PBXFileReference; fileEncoding = 4; lastKnownFileType = text.json; path = img0019.json; sourceTree = "<group>"; };
		65085ECE26170AFD0064F777 /* img0006.json */ = {isa = PBXFileReference; fileEncoding = 4; lastKnownFileType = text.json; path = img0006.json; sourceTree = "<group>"; };
		65085ECF26170AFD0064F777 /* img0022.json */ = {isa = PBXFileReference; fileEncoding = 4; lastKnownFileType = text.json; path = img0022.json; sourceTree = "<group>"; };
		65085ED026170AFD0064F777 /* img0023.json */ = {isa = PBXFileReference; fileEncoding = 4; lastKnownFileType = text.json; path = img0023.json; sourceTree = "<group>"; };
		65085ED126170AFD0064F777 /* img0015.json */ = {isa = PBXFileReference; fileEncoding = 4; lastKnownFileType = text.json; path = img0015.json; sourceTree = "<group>"; };
		65085ED226170AFE0064F777 /* img0012.jpg */ = {isa = PBXFileReference; lastKnownFileType = image.jpeg; path = img0012.jpg; sourceTree = "<group>"; };
		65085ED326170AFE0064F777 /* img0021.jpg */ = {isa = PBXFileReference; lastKnownFileType = image.jpeg; path = img0021.jpg; sourceTree = "<group>"; };
		65085ED426170AFE0064F777 /* img0011.json */ = {isa = PBXFileReference; fileEncoding = 4; lastKnownFileType = text.json; path = img0011.json; sourceTree = "<group>"; };
		65085ED526170AFE0064F777 /* img0011.jpg */ = {isa = PBXFileReference; lastKnownFileType = image.jpeg; path = img0011.jpg; sourceTree = "<group>"; };
		65085ED626170AFE0064F777 /* img0019.jpg */ = {isa = PBXFileReference; lastKnownFileType = image.jpeg; path = img0019.jpg; sourceTree = "<group>"; };
		65085ED726170AFE0064F777 /* img0005.json */ = {isa = PBXFileReference; fileEncoding = 4; lastKnownFileType = text.json; path = img0005.json; sourceTree = "<group>"; };
		65085ED826170AFE0064F777 /* img0003.jpg */ = {isa = PBXFileReference; lastKnownFileType = image.jpeg; path = img0003.jpg; sourceTree = "<group>"; };
		65085ED926170AFE0064F777 /* img0000.json */ = {isa = PBXFileReference; fileEncoding = 4; lastKnownFileType = text.json; path = img0000.json; sourceTree = "<group>"; };
		65085EDA26170AFE0064F777 /* img0015.jpg */ = {isa = PBXFileReference; lastKnownFileType = image.jpeg; path = img0015.jpg; sourceTree = "<group>"; };
		65085EDB26170AFE0064F777 /* img0018.jpg */ = {isa = PBXFileReference; lastKnownFileType = image.jpeg; path = img0018.jpg; sourceTree = "<group>"; };
		65085EDC26170AFE0064F777 /* img0016.jpg */ = {isa = PBXFileReference; lastKnownFileType = image.jpeg; path = img0016.jpg; sourceTree = "<group>"; };
		65085EDD26170AFE0064F777 /* img0016.json */ = {isa = PBXFileReference; fileEncoding = 4; lastKnownFileType = text.json; path = img0016.json; sourceTree = "<group>"; };
		65085EDE26170AFE0064F777 /* img0009.json */ = {isa = PBXFileReference; fileEncoding = 4; lastKnownFileType = text.json; path = img0009.json; sourceTree = "<group>"; };
		65085EDF26170AFE0064F777 /* img0002.json */ = {isa = PBXFileReference; fileEncoding = 4; lastKnownFileType = text.json; path = img0002.json; sourceTree = "<group>"; };
		65085EE026170AFE0064F777 /* img0014.json */ = {isa = PBXFileReference; fileEncoding = 4; lastKnownFileType = text.json; path = img0014.json; sourceTree = "<group>"; };
		65085EE126170AFE0064F777 /* img0007.jpg */ = {isa = PBXFileReference; lastKnownFileType = image.jpeg; path = img0007.jpg; sourceTree = "<group>"; };
		65085EE226170AFE0064F777 /* img0013.json */ = {isa = PBXFileReference; fileEncoding = 4; lastKnownFileType = text.json; path = img0013.json; sourceTree = "<group>"; };
		65085EE326170AFF0064F777 /* img0018.json */ = {isa = PBXFileReference; fileEncoding = 4; lastKnownFileType = text.json; path = img0018.json; sourceTree = "<group>"; };
		65085EE426170AFF0064F777 /* img0020.json */ = {isa = PBXFileReference; fileEncoding = 4; lastKnownFileType = text.json; path = img0020.json; sourceTree = "<group>"; };
		65085EE526170AFF0064F777 /* img0004.jpg */ = {isa = PBXFileReference; lastKnownFileType = image.jpeg; path = img0004.jpg; sourceTree = "<group>"; };
		65085EE626170AFF0064F777 /* img0022.jpg */ = {isa = PBXFileReference; lastKnownFileType = image.jpeg; path = img0022.jpg; sourceTree = "<group>"; };
		65085EE726170AFF0064F777 /* img0023.jpg */ = {isa = PBXFileReference; lastKnownFileType = image.jpeg; path = img0023.jpg; sourceTree = "<group>"; };
		65085EE826170AFF0064F777 /* img0004.json */ = {isa = PBXFileReference; fileEncoding = 4; lastKnownFileType = text.json; path = img0004.json; sourceTree = "<group>"; };
		65085EE926170AFF0064F777 /* img0012.json */ = {isa = PBXFileReference; fileEncoding = 4; lastKnownFileType = text.json; path = img0012.json; sourceTree = "<group>"; };
		65085EEA26170AFF0064F777 /* img0010.jpg */ = {isa = PBXFileReference; lastKnownFileType = image.jpeg; path = img0010.jpg; sourceTree = "<group>"; };
		65085EEB26170AFF0064F777 /* img0013.jpg */ = {isa = PBXFileReference; lastKnownFileType = image.jpeg; path = img0013.jpg; sourceTree = "<group>"; };
		65085EEC26170AFF0064F777 /* img0021.json */ = {isa = PBXFileReference; fileEncoding = 4; lastKnownFileType = text.json; path = img0021.json; sourceTree = "<group>"; };
		65085EED26170AFF0064F777 /* img0001.json */ = {isa = PBXFileReference; fileEncoding = 4; lastKnownFileType = text.json; path = img0001.json; sourceTree = "<group>"; };
		65085EEE26170AFF0064F777 /* img0014.jpg */ = {isa = PBXFileReference; lastKnownFileType = image.jpeg; path = img0014.jpg; sourceTree = "<group>"; };
		65085EEF26170AFF0064F777 /* img0020.jpg */ = {isa = PBXFileReference; lastKnownFileType = image.jpeg; path = img0020.jpg; sourceTree = "<group>"; };
		65085EF026170AFF0064F777 /* img0000.jpg */ = {isa = PBXFileReference; lastKnownFileType = image.jpeg; path = img0000.jpg; sourceTree = "<group>"; };
		65085EF126170AFF0064F777 /* img0001.jpg */ = {isa = PBXFileReference; lastKnownFileType = image.jpeg; path = img0001.jpg; sourceTree = "<group>"; };
		65085EF226170AFF0064F777 /* img0007.json */ = {isa = PBXFileReference; fileEncoding = 4; lastKnownFileType = text.json; path = img0007.json; sourceTree = "<group>"; };
		65085EF326170AFF0064F777 /* img0008.json */ = {isa = PBXFileReference; fileEncoding = 4; lastKnownFileType = text.json; path = img0008.json; sourceTree = "<group>"; };
		65085EF426170AFF0064F777 /* img0003.json */ = {isa = PBXFileReference; fileEncoding = 4; lastKnownFileType = text.json; path = img0003.json; sourceTree = "<group>"; };
		6586AA5E2617073600D3D0F8 /* Gather-Test.app */ = {isa = PBXFileReference; explicitFileType = wrapper.application; includeInIndex = 0; path = "Gather-Test.app"; sourceTree = BUILT_PRODUCTS_DIR; };
		6586AA612617073600D3D0F8 /* AppDelegate.swift */ = {isa = PBXFileReference; lastKnownFileType = sourcecode.swift; path = AppDelegate.swift; sourceTree = "<group>"; };
		6586AA632617073600D3D0F8 /* SceneDelegate.swift */ = {isa = PBXFileReference; lastKnownFileType = sourcecode.swift; path = SceneDelegate.swift; sourceTree = "<group>"; };
		6586AA652617073600D3D0F8 /* ViewController.swift */ = {isa = PBXFileReference; lastKnownFileType = sourcecode.swift; path = ViewController.swift; sourceTree = "<group>"; };
		6586AA682617073600D3D0F8 /* Base */ = {isa = PBXFileReference; lastKnownFileType = file.storyboard; name = Base; path = Base.lproj/Main.storyboard; sourceTree = "<group>"; };
		6586AA6A2617073700D3D0F8 /* Assets.xcassets */ = {isa = PBXFileReference; lastKnownFileType = folder.assetcatalog; path = Assets.xcassets; sourceTree = "<group>"; };
		6586AA6D2617073700D3D0F8 /* Base */ = {isa = PBXFileReference; lastKnownFileType = file.storyboard; name = Base; path = Base.lproj/LaunchScreen.storyboard; sourceTree = "<group>"; };
		6586AA6F2617073700D3D0F8 /* Info.plist */ = {isa = PBXFileReference; lastKnownFileType = text.plist.xml; path = Info.plist; sourceTree = "<group>"; };
		6586AA742617073700D3D0F8 /* Gather-TestTests.xctest */ = {isa = PBXFileReference; explicitFileType = wrapper.cfbundle; includeInIndex = 0; path = "Gather-TestTests.xctest"; sourceTree = BUILT_PRODUCTS_DIR; };
		6586AA782617073700D3D0F8 /* Gather_TestTests.swift */ = {isa = PBXFileReference; lastKnownFileType = sourcecode.swift; path = Gather_TestTests.swift; sourceTree = "<group>"; };
		6586AA7A2617073700D3D0F8 /* Info.plist */ = {isa = PBXFileReference; lastKnownFileType = text.plist.xml; path = Info.plist; sourceTree = "<group>"; };
		6586AA7F2617073700D3D0F8 /* Gather-TestUITests.xctest */ = {isa = PBXFileReference; explicitFileType = wrapper.cfbundle; includeInIndex = 0; path = "Gather-TestUITests.xctest"; sourceTree = BUILT_PRODUCTS_DIR; };
		6586AA832617073700D3D0F8 /* Gather_TestUITests.swift */ = {isa = PBXFileReference; lastKnownFileType = sourcecode.swift; path = Gather_TestUITests.swift; sourceTree = "<group>"; };
		6586AA852617073700D3D0F8 /* Info.plist */ = {isa = PBXFileReference; lastKnownFileType = text.plist.xml; path = Info.plist; sourceTree = "<group>"; };
		65EA2DF3261737CB009F80B2 /* GatheredDataModel.swift */ = {isa = PBXFileReference; lastKnownFileType = sourcecode.swift; path = GatheredDataModel.swift; sourceTree = "<group>"; };
/* End PBXFileReference section */

/* Begin PBXFrameworksBuildPhase section */
		6586AA5B2617073600D3D0F8 /* Frameworks */ = {
			isa = PBXFrameworksBuildPhase;
			buildActionMask = 2147483647;
			files = (
			);
			runOnlyForDeploymentPostprocessing = 0;
		};
		6586AA712617073700D3D0F8 /* Frameworks */ = {
			isa = PBXFrameworksBuildPhase;
			buildActionMask = 2147483647;
			files = (
			);
			runOnlyForDeploymentPostprocessing = 0;
		};
		6586AA7C2617073700D3D0F8 /* Frameworks */ = {
			isa = PBXFrameworksBuildPhase;
			buildActionMask = 2147483647;
			files = (
			);
			runOnlyForDeploymentPostprocessing = 0;
		};
/* End PBXFrameworksBuildPhase section */

/* Begin PBXGroup section */
		65085EBC26170A940064F777 /* GatheredData */ = {
			isa = PBXGroup;
			children = (
				65085EF026170AFF0064F777 /* img0000.jpg */,
				65085ED926170AFE0064F777 /* img0000.json */,
				65085EF126170AFF0064F777 /* img0001.jpg */,
				65085EED26170AFF0064F777 /* img0001.json */,
				65085EC526170AFD0064F777 /* img0002.jpg */,
				65085EDF26170AFE0064F777 /* img0002.json */,
				65085ED826170AFE0064F777 /* img0003.jpg */,
				65085EF426170AFF0064F777 /* img0003.json */,
				65085EE526170AFF0064F777 /* img0004.jpg */,
				65085EE826170AFF0064F777 /* img0004.json */,
				65085ECA26170AFD0064F777 /* img0005.jpg */,
				65085ED726170AFE0064F777 /* img0005.json */,
				65085EC926170AFD0064F777 /* img0006.jpg */,
				65085ECE26170AFD0064F777 /* img0006.json */,
				65085EE126170AFE0064F777 /* img0007.jpg */,
				65085EF226170AFF0064F777 /* img0007.json */,
				65085EC826170AFD0064F777 /* img0008.jpg */,
				65085EF326170AFF0064F777 /* img0008.json */,
				65085EC726170AFD0064F777 /* img0009.jpg */,
				65085EDE26170AFE0064F777 /* img0009.json */,
				65085EEA26170AFF0064F777 /* img0010.jpg */,
				65085EC626170AFD0064F777 /* img0010.json */,
				65085ED526170AFE0064F777 /* img0011.jpg */,
				65085ED426170AFE0064F777 /* img0011.json */,
				65085ED226170AFE0064F777 /* img0012.jpg */,
				65085EE926170AFF0064F777 /* img0012.json */,
				65085EEB26170AFF0064F777 /* img0013.jpg */,
				65085EE226170AFE0064F777 /* img0013.json */,
				65085EEE26170AFF0064F777 /* img0014.jpg */,
				65085EE026170AFE0064F777 /* img0014.json */,
				65085EDA26170AFE0064F777 /* img0015.jpg */,
				65085ED126170AFD0064F777 /* img0015.json */,
				65085EDC26170AFE0064F777 /* img0016.jpg */,
				65085EDD26170AFE0064F777 /* img0016.json */,
				65085ECC26170AFD0064F777 /* img0017.jpg */,
				65085ECB26170AFD0064F777 /* img0017.json */,
				65085EDB26170AFE0064F777 /* img0018.jpg */,
				65085EE326170AFF0064F777 /* img0018.json */,
				65085ED626170AFE0064F777 /* img0019.jpg */,
				65085ECD26170AFD0064F777 /* img0019.json */,
				65085EEF26170AFF0064F777 /* img0020.jpg */,
				65085EE426170AFF0064F777 /* img0020.json */,
				65085ED326170AFE0064F777 /* img0021.jpg */,
				65085EEC26170AFF0064F777 /* img0021.json */,
				65085EE626170AFF0064F777 /* img0022.jpg */,
				65085ECF26170AFD0064F777 /* img0022.json */,
				65085EE726170AFF0064F777 /* img0023.jpg */,
				65085ED026170AFD0064F777 /* img0023.json */,
			);
			path = GatheredData;
			sourceTree = "<group>";
		};
		6586AA552617073600D3D0F8 = {
			isa = PBXGroup;
			children = (
				6586AA602617073600D3D0F8 /* Gather-Test */,
				6586AA772617073700D3D0F8 /* Gather-TestTests */,
				6586AA822617073700D3D0F8 /* Gather-TestUITests */,
				6586AA5F2617073600D3D0F8 /* Products */,
			);
			sourceTree = "<group>";
		};
		6586AA5F2617073600D3D0F8 /* Products */ = {
			isa = PBXGroup;
			children = (
				6586AA5E2617073600D3D0F8 /* Gather-Test.app */,
				6586AA742617073700D3D0F8 /* Gather-TestTests.xctest */,
				6586AA7F2617073700D3D0F8 /* Gather-TestUITests.xctest */,
			);
			name = Products;
			sourceTree = "<group>";
		};
		6586AA602617073600D3D0F8 /* Gather-Test */ = {
			isa = PBXGroup;
			children = (
				6586AA612617073600D3D0F8 /* AppDelegate.swift */,
				6586AA632617073600D3D0F8 /* SceneDelegate.swift */,
				6586AA652617073600D3D0F8 /* ViewController.swift */,
				6586AA672617073600D3D0F8 /* Main.storyboard */,
				6586AA6A2617073700D3D0F8 /* Assets.xcassets */,
				6586AA6C2617073700D3D0F8 /* LaunchScreen.storyboard */,
				6586AA6F2617073700D3D0F8 /* Info.plist */,
				65EA2DF826173917009F80B2 /* DataModels */,
				65085EBC26170A940064F777 /* GatheredData */,
			);
			path = "Gather-Test";
			sourceTree = "<group>";
		};
		6586AA772617073700D3D0F8 /* Gather-TestTests */ = {
			isa = PBXGroup;
			children = (
				6586AA782617073700D3D0F8 /* Gather_TestTests.swift */,
				6586AA7A2617073700D3D0F8 /* Info.plist */,
			);
			path = "Gather-TestTests";
			sourceTree = "<group>";
		};
		6586AA822617073700D3D0F8 /* Gather-TestUITests */ = {
			isa = PBXGroup;
			children = (
				6586AA832617073700D3D0F8 /* Gather_TestUITests.swift */,
				6586AA852617073700D3D0F8 /* Info.plist */,
			);
			path = "Gather-TestUITests";
			sourceTree = "<group>";
		};
		65EA2DF826173917009F80B2 /* DataModels */ = {
			isa = PBXGroup;
			children = (
				65EA2DF3261737CB009F80B2 /* GatheredDataModel.swift */,
			);
			path = DataModels;
			sourceTree = "<group>";
		};
/* End PBXGroup section */

/* Begin PBXNativeTarget section */
		6586AA5D2617073600D3D0F8 /* Gather-Test */ = {
			isa = PBXNativeTarget;
			buildConfigurationList = 6586AA882617073700D3D0F8 /* Build configuration list for PBXNativeTarget "Gather-Test" */;
			buildPhases = (
				6586AA5A2617073600D3D0F8 /* Sources */,
				6586AA5B2617073600D3D0F8 /* Frameworks */,
				6586AA5C2617073600D3D0F8 /* Resources */,
			);
			buildRules = (
			);
			dependencies = (
			);
			name = "Gather-Test";
			productName = "Gather-Test";
			productReference = 6586AA5E2617073600D3D0F8 /* Gather-Test.app */;
			productType = "com.apple.product-type.application";
		};
		6586AA732617073700D3D0F8 /* Gather-TestTests */ = {
			isa = PBXNativeTarget;
			buildConfigurationList = 6586AA8B2617073700D3D0F8 /* Build configuration list for PBXNativeTarget "Gather-TestTests" */;
			buildPhases = (
				6586AA702617073700D3D0F8 /* Sources */,
				6586AA712617073700D3D0F8 /* Frameworks */,
				6586AA722617073700D3D0F8 /* Resources */,
			);
			buildRules = (
			);
			dependencies = (
				6586AA762617073700D3D0F8 /* PBXTargetDependency */,
			);
			name = "Gather-TestTests";
			productName = "Gather-TestTests";
			productReference = 6586AA742617073700D3D0F8 /* Gather-TestTests.xctest */;
			productType = "com.apple.product-type.bundle.unit-test";
		};
		6586AA7E2617073700D3D0F8 /* Gather-TestUITests */ = {
			isa = PBXNativeTarget;
			buildConfigurationList = 6586AA8E2617073700D3D0F8 /* Build configuration list for PBXNativeTarget "Gather-TestUITests" */;
			buildPhases = (
				6586AA7B2617073700D3D0F8 /* Sources */,
				6586AA7C2617073700D3D0F8 /* Frameworks */,
				6586AA7D2617073700D3D0F8 /* Resources */,
			);
			buildRules = (
			);
			dependencies = (
				6586AA812617073700D3D0F8 /* PBXTargetDependency */,
			);
			name = "Gather-TestUITests";
			productName = "Gather-TestUITests";
			productReference = 6586AA7F2617073700D3D0F8 /* Gather-TestUITests.xctest */;
			productType = "com.apple.product-type.bundle.ui-testing";
		};
/* End PBXNativeTarget section */

/* Begin PBXProject section */
		6586AA562617073600D3D0F8 /* Project object */ = {
			isa = PBXProject;
			attributes = {
				LastSwiftUpdateCheck = 1230;
				LastUpgradeCheck = 1230;
				TargetAttributes = {
					6586AA5D2617073600D3D0F8 = {
						CreatedOnToolsVersion = 12.3;
					};
					6586AA732617073700D3D0F8 = {
						CreatedOnToolsVersion = 12.3;
						TestTargetID = 6586AA5D2617073600D3D0F8;
					};
					6586AA7E2617073700D3D0F8 = {
						CreatedOnToolsVersion = 12.3;
						TestTargetID = 6586AA5D2617073600D3D0F8;
					};
				};
			};
			buildConfigurationList = 6586AA592617073600D3D0F8 /* Build configuration list for PBXProject "Gather-Test" */;
			compatibilityVersion = "Xcode 9.3";
			developmentRegion = en;
			hasScannedForEncodings = 0;
			knownRegions = (
				en,
				Base,
			);
			mainGroup = 6586AA552617073600D3D0F8;
			productRefGroup = 6586AA5F2617073600D3D0F8 /* Products */;
			projectDirPath = "";
			projectRoot = "";
			targets = (
				6586AA5D2617073600D3D0F8 /* Gather-Test */,
				6586AA732617073700D3D0F8 /* Gather-TestTests */,
				6586AA7E2617073700D3D0F8 /* Gather-TestUITests */,
			);
		};
/* End PBXProject section */

/* Begin PBXResourcesBuildPhase section */
		6586AA5C2617073600D3D0F8 /* Resources */ = {
			isa = PBXResourcesBuildPhase;
			buildActionMask = 2147483647;
			files = (
				65085EFE26170AFF0064F777 /* img0006.json in Resources */,
				65085F2226170B000064F777 /* img0007.json in Resources */,
				65085F0526170B000064F777 /* img0011.jpg in Resources */,
				65085F1226170B000064F777 /* img0013.json in Resources */,
				65085F1E26170B000064F777 /* img0014.jpg in Resources */,
				65085F2426170B000064F777 /* img0003.json in Resources */,
				65085EF726170AFF0064F777 /* img0009.jpg in Resources */,
				65085F0626170B000064F777 /* img0019.jpg in Resources */,
				65085F0026170AFF0064F777 /* img0023.json in Resources */,
				6586AA6E2617073700D3D0F8 /* LaunchScreen.storyboard in Resources */,
				65085F0B26170B000064F777 /* img0018.jpg in Resources */,
				65085EF526170AFF0064F777 /* img0002.jpg in Resources */,
				65085EF626170AFF0064F777 /* img0010.json in Resources */,
				65085F0326170AFF0064F777 /* img0021.jpg in Resources */,
				65085F0226170AFF0064F777 /* img0012.jpg in Resources */,
				65085F1926170B000064F777 /* img0012.json in Resources */,
				65085F1A26170B000064F777 /* img0010.jpg in Resources */,
				65085EFC26170AFF0064F777 /* img0017.jpg in Resources */,
				65085F0D26170B000064F777 /* img0016.json in Resources */,
				65085F1726170B000064F777 /* img0023.jpg in Resources */,
				65085F0126170AFF0064F777 /* img0015.json in Resources */,
				65085F0A26170B000064F777 /* img0015.jpg in Resources */,
				6586AA6B2617073700D3D0F8 /* Assets.xcassets in Resources */,
				65085F0826170B000064F777 /* img0003.jpg in Resources */,
				65085F0F26170B000064F777 /* img0002.json in Resources */,
				65085F1626170B000064F777 /* img0022.jpg in Resources */,
				65085F2126170B000064F777 /* img0001.jpg in Resources */,
				65085F1026170B000064F777 /* img0014.json in Resources */,
				65085F2326170B000064F777 /* img0008.json in Resources */,
				65085EF926170AFF0064F777 /* img0006.jpg in Resources */,
				65085F0426170AFF0064F777 /* img0011.json in Resources */,
				65085F1326170B000064F777 /* img0018.json in Resources */,
				65085F1B26170B000064F777 /* img0013.jpg in Resources */,
				65085EFA26170AFF0064F777 /* img0005.jpg in Resources */,
				65085F0E26170B000064F777 /* img0009.json in Resources */,
				65085F0926170B000064F777 /* img0000.json in Resources */,
				65085EFB26170AFF0064F777 /* img0017.json in Resources */,
				65085F1526170B000064F777 /* img0004.jpg in Resources */,
				6586AA692617073600D3D0F8 /* Main.storyboard in Resources */,
				65085F1D26170B000064F777 /* img0001.json in Resources */,
				65085EF826170AFF0064F777 /* img0008.jpg in Resources */,
				65085F1C26170B000064F777 /* img0021.json in Resources */,
				65085F1826170B000064F777 /* img0004.json in Resources */,
				65085EFD26170AFF0064F777 /* img0019.json in Resources */,
				65085F0C26170B000064F777 /* img0016.jpg in Resources */,
				65085F0726170B000064F777 /* img0005.json in Resources */,
				65085F1426170B000064F777 /* img0020.json in Resources */,
				65085F1F26170B000064F777 /* img0020.jpg in Resources */,
				65085F1126170B000064F777 /* img0007.jpg in Resources */,
				65085F2026170B000064F777 /* img0000.jpg in Resources */,
				65085EFF26170AFF0064F777 /* img0022.json in Resources */,
			);
			runOnlyForDeploymentPostprocessing = 0;
		};
		6586AA722617073700D3D0F8 /* Resources */ = {
			isa = PBXResourcesBuildPhase;
			buildActionMask = 2147483647;
			files = (
			);
			runOnlyForDeploymentPostprocessing = 0;
		};
		6586AA7D2617073700D3D0F8 /* Resources */ = {
			isa = PBXResourcesBuildPhase;
			buildActionMask = 2147483647;
			files = (
			);
			runOnlyForDeploymentPostprocessing = 0;
		};
/* End PBXResourcesBuildPhase section */

/* Begin PBXSourcesBuildPhase section */
		6586AA5A2617073600D3D0F8 /* Sources */ = {
			isa = PBXSourcesBuildPhase;
			buildActionMask = 2147483647;
			files = (
				6586AA662617073600D3D0F8 /* ViewController.swift in Sources */,
				65EA2DF4261737CB009F80B2 /* GatheredDataModel.swift in Sources */,
				6586AA622617073600D3D0F8 /* AppDelegate.swift in Sources */,
				6586AA642617073600D3D0F8 /* SceneDelegate.swift in Sources */,
			);
			runOnlyForDeploymentPostprocessing = 0;
		};
		6586AA702617073700D3D0F8 /* Sources */ = {
			isa = PBXSourcesBuildPhase;
			buildActionMask = 2147483647;
			files = (
				6586AA792617073700D3D0F8 /* Gather_TestTests.swift in Sources */,
			);
			runOnlyForDeploymentPostprocessing = 0;
		};
		6586AA7B2617073700D3D0F8 /* Sources */ = {
			isa = PBXSourcesBuildPhase;
			buildActionMask = 2147483647;
			files = (
				6586AA842617073700D3D0F8 /* Gather_TestUITests.swift in Sources */,
			);
			runOnlyForDeploymentPostprocessing = 0;
		};
/* End PBXSourcesBuildPhase section */

/* Begin PBXTargetDependency section */
		6586AA762617073700D3D0F8 /* PBXTargetDependency */ = {
			isa = PBXTargetDependency;
			target = 6586AA5D2617073600D3D0F8 /* Gather-Test */;
			targetProxy = 6586AA752617073700D3D0F8 /* PBXContainerItemProxy */;
		};
		6586AA812617073700D3D0F8 /* PBXTargetDependency */ = {
			isa = PBXTargetDependency;
			target = 6586AA5D2617073600D3D0F8 /* Gather-Test */;
			targetProxy = 6586AA802617073700D3D0F8 /* PBXContainerItemProxy */;
		};
/* End PBXTargetDependency section */

/* Begin PBXVariantGroup section */
		6586AA672617073600D3D0F8 /* Main.storyboard */ = {
			isa = PBXVariantGroup;
			children = (
				6586AA682617073600D3D0F8 /* Base */,
			);
			name = Main.storyboard;
			sourceTree = "<group>";
		};
		6586AA6C2617073700D3D0F8 /* LaunchScreen.storyboard */ = {
			isa = PBXVariantGroup;
			children = (
				6586AA6D2617073700D3D0F8 /* Base */,
			);
			name = LaunchScreen.storyboard;
			sourceTree = "<group>";
		};
/* End PBXVariantGroup section */

/* Begin XCBuildConfiguration section */
		6586AA862617073700D3D0F8 /* Debug */ = {
			isa = XCBuildConfiguration;
			buildSettings = {
				ALWAYS_SEARCH_USER_PATHS = NO;
				CLANG_ANALYZER_NONNULL = YES;
				CLANG_ANALYZER_NUMBER_OBJECT_CONVERSION = YES_AGGRESSIVE;
				CLANG_CXX_LANGUAGE_STANDARD = "gnu++14";
				CLANG_CXX_LIBRARY = "libc++";
				CLANG_ENABLE_MODULES = YES;
				CLANG_ENABLE_OBJC_ARC = YES;
				CLANG_ENABLE_OBJC_WEAK = YES;
				CLANG_WARN_BLOCK_CAPTURE_AUTORELEASING = YES;
				CLANG_WARN_BOOL_CONVERSION = YES;
				CLANG_WARN_COMMA = YES;
				CLANG_WARN_CONSTANT_CONVERSION = YES;
				CLANG_WARN_DEPRECATED_OBJC_IMPLEMENTATIONS = YES;
				CLANG_WARN_DIRECT_OBJC_ISA_USAGE = YES_ERROR;
				CLANG_WARN_DOCUMENTATION_COMMENTS = YES;
				CLANG_WARN_EMPTY_BODY = YES;
				CLANG_WARN_ENUM_CONVERSION = YES;
				CLANG_WARN_INFINITE_RECURSION = YES;
				CLANG_WARN_INT_CONVERSION = YES;
				CLANG_WARN_NON_LITERAL_NULL_CONVERSION = YES;
				CLANG_WARN_OBJC_IMPLICIT_RETAIN_SELF = YES;
				CLANG_WARN_OBJC_LITERAL_CONVERSION = YES;
				CLANG_WARN_OBJC_ROOT_CLASS = YES_ERROR;
				CLANG_WARN_QUOTED_INCLUDE_IN_FRAMEWORK_HEADER = YES;
				CLANG_WARN_RANGE_LOOP_ANALYSIS = YES;
				CLANG_WARN_STRICT_PROTOTYPES = YES;
				CLANG_WARN_SUSPICIOUS_MOVE = YES;
				CLANG_WARN_UNGUARDED_AVAILABILITY = YES_AGGRESSIVE;
				CLANG_WARN_UNREACHABLE_CODE = YES;
				CLANG_WARN__DUPLICATE_METHOD_MATCH = YES;
				COPY_PHASE_STRIP = NO;
				DEBUG_INFORMATION_FORMAT = dwarf;
				ENABLE_STRICT_OBJC_MSGSEND = YES;
				ENABLE_TESTABILITY = YES;
				GCC_C_LANGUAGE_STANDARD = gnu11;
				GCC_DYNAMIC_NO_PIC = NO;
				GCC_NO_COMMON_BLOCKS = YES;
				GCC_OPTIMIZATION_LEVEL = 0;
				GCC_PREPROCESSOR_DEFINITIONS = (
					"DEBUG=1",
					"$(inherited)",
				);
				GCC_WARN_64_TO_32_BIT_CONVERSION = YES;
				GCC_WARN_ABOUT_RETURN_TYPE = YES_ERROR;
				GCC_WARN_UNDECLARED_SELECTOR = YES;
				GCC_WARN_UNINITIALIZED_AUTOS = YES_AGGRESSIVE;
				GCC_WARN_UNUSED_FUNCTION = YES;
				GCC_WARN_UNUSED_VARIABLE = YES;
				IPHONEOS_DEPLOYMENT_TARGET = 14.3;
				MTL_ENABLE_DEBUG_INFO = INCLUDE_SOURCE;
				MTL_FAST_MATH = YES;
				ONLY_ACTIVE_ARCH = YES;
				SDKROOT = iphoneos;
				SWIFT_ACTIVE_COMPILATION_CONDITIONS = DEBUG;
				SWIFT_OPTIMIZATION_LEVEL = "-Onone";
			};
			name = Debug;
		};
		6586AA872617073700D3D0F8 /* Release */ = {
			isa = XCBuildConfiguration;
			buildSettings = {
				ALWAYS_SEARCH_USER_PATHS = NO;
				CLANG_ANALYZER_NONNULL = YES;
				CLANG_ANALYZER_NUMBER_OBJECT_CONVERSION = YES_AGGRESSIVE;
				CLANG_CXX_LANGUAGE_STANDARD = "gnu++14";
				CLANG_CXX_LIBRARY = "libc++";
				CLANG_ENABLE_MODULES = YES;
				CLANG_ENABLE_OBJC_ARC = YES;
				CLANG_ENABLE_OBJC_WEAK = YES;
				CLANG_WARN_BLOCK_CAPTURE_AUTORELEASING = YES;
				CLANG_WARN_BOOL_CONVERSION = YES;
				CLANG_WARN_COMMA = YES;
				CLANG_WARN_CONSTANT_CONVERSION = YES;
				CLANG_WARN_DEPRECATED_OBJC_IMPLEMENTATIONS = YES;
				CLANG_WARN_DIRECT_OBJC_ISA_USAGE = YES_ERROR;
				CLANG_WARN_DOCUMENTATION_COMMENTS = YES;
				CLANG_WARN_EMPTY_BODY = YES;
				CLANG_WARN_ENUM_CONVERSION = YES;
				CLANG_WARN_INFINITE_RECURSION = YES;
				CLANG_WARN_INT_CONVERSION = YES;
				CLANG_WARN_NON_LITERAL_NULL_CONVERSION = YES;
				CLANG_WARN_OBJC_IMPLICIT_RETAIN_SELF = YES;
				CLANG_WARN_OBJC_LITERAL_CONVERSION = YES;
				CLANG_WARN_OBJC_ROOT_CLASS = YES_ERROR;
				CLANG_WARN_QUOTED_INCLUDE_IN_FRAMEWORK_HEADER = YES;
				CLANG_WARN_RANGE_LOOP_ANALYSIS = YES;
				CLANG_WARN_STRICT_PROTOTYPES = YES;
				CLANG_WARN_SUSPICIOUS_MOVE = YES;
				CLANG_WARN_UNGUARDED_AVAILABILITY = YES_AGGRESSIVE;
				CLANG_WARN_UNREACHABLE_CODE = YES;
				CLANG_WARN__DUPLICATE_METHOD_MATCH = YES;
				COPY_PHASE_STRIP = NO;
				DEBUG_INFORMATION_FORMAT = "dwarf-with-dsym";
				ENABLE_NS_ASSERTIONS = NO;
				ENABLE_STRICT_OBJC_MSGSEND = YES;
				GCC_C_LANGUAGE_STANDARD = gnu11;
				GCC_NO_COMMON_BLOCKS = YES;
				GCC_WARN_64_TO_32_BIT_CONVERSION = YES;
				GCC_WARN_ABOUT_RETURN_TYPE = YES_ERROR;
				GCC_WARN_UNDECLARED_SELECTOR = YES;
				GCC_WARN_UNINITIALIZED_AUTOS = YES_AGGRESSIVE;
				GCC_WARN_UNUSED_FUNCTION = YES;
				GCC_WARN_UNUSED_VARIABLE = YES;
				IPHONEOS_DEPLOYMENT_TARGET = 14.3;
				MTL_ENABLE_DEBUG_INFO = NO;
				MTL_FAST_MATH = YES;
				SDKROOT = iphoneos;
				SWIFT_COMPILATION_MODE = wholemodule;
				SWIFT_OPTIMIZATION_LEVEL = "-O";
				VALIDATE_PRODUCT = YES;
			};
			name = Release;
		};
		6586AA892617073700D3D0F8 /* Debug */ = {
			isa = XCBuildConfiguration;
			buildSettings = {
				ASSETCATALOG_COMPILER_APPICON_NAME = AppIcon;
				ASSETCATALOG_COMPILER_GLOBAL_ACCENT_COLOR_NAME = AccentColor;
				CODE_SIGN_STYLE = Automatic;
				INFOPLIST_FILE = "Gather-Test/Info.plist";
				LD_RUNPATH_SEARCH_PATHS = (
					"$(inherited)",
					"@executable_path/Frameworks",
				);
				PRODUCT_BUNDLE_IDENTIFIER = "com.gather.ai.Gather-Test";
				PRODUCT_NAME = "$(TARGET_NAME)";
				SWIFT_VERSION = 5.0;
				TARGETED_DEVICE_FAMILY = 1;
			};
			name = Debug;
		};
		6586AA8A2617073700D3D0F8 /* Release */ = {
			isa = XCBuildConfiguration;
			buildSettings = {
				ASSETCATALOG_COMPILER_APPICON_NAME = AppIcon;
				ASSETCATALOG_COMPILER_GLOBAL_ACCENT_COLOR_NAME = AccentColor;
				CODE_SIGN_STYLE = Automatic;
				INFOPLIST_FILE = "Gather-Test/Info.plist";
				LD_RUNPATH_SEARCH_PATHS = (
					"$(inherited)",
					"@executable_path/Frameworks",
				);
				PRODUCT_BUNDLE_IDENTIFIER = "com.gather.ai.Gather-Test";
				PRODUCT_NAME = "$(TARGET_NAME)";
				SWIFT_VERSION = 5.0;
				TARGETED_DEVICE_FAMILY = 1;
			};
			name = Release;
		};
		6586AA8C2617073700D3D0F8 /* Debug */ = {
			isa = XCBuildConfiguration;
			buildSettings = {
				ALWAYS_EMBED_SWIFT_STANDARD_LIBRARIES = YES;
				BUNDLE_LOADER = "$(TEST_HOST)";
				CODE_SIGN_STYLE = Automatic;
				INFOPLIST_FILE = "Gather-TestTests/Info.plist";
				IPHONEOS_DEPLOYMENT_TARGET = 14.3;
				LD_RUNPATH_SEARCH_PATHS = (
					"$(inherited)",
					"@executable_path/Frameworks",
					"@loader_path/Frameworks",
				);
				PRODUCT_BUNDLE_IDENTIFIER = "com.gather.ai.Gather-TestTests";
				PRODUCT_NAME = "$(TARGET_NAME)";
				SWIFT_VERSION = 5.0;
				TARGETED_DEVICE_FAMILY = "1,2";
				TEST_HOST = "$(BUILT_PRODUCTS_DIR)/Gather-Test.app/Gather-Test";
			};
			name = Debug;
		};
		6586AA8D2617073700D3D0F8 /* Release */ = {
			isa = XCBuildConfiguration;
			buildSettings = {
				ALWAYS_EMBED_SWIFT_STANDARD_LIBRARIES = YES;
				BUNDLE_LOADER = "$(TEST_HOST)";
				CODE_SIGN_STYLE = Automatic;
				INFOPLIST_FILE = "Gather-TestTests/Info.plist";
				IPHONEOS_DEPLOYMENT_TARGET = 14.3;
				LD_RUNPATH_SEARCH_PATHS = (
					"$(inherited)",
					"@executable_path/Frameworks",
					"@loader_path/Frameworks",
				);
				PRODUCT_BUNDLE_IDENTIFIER = "com.gather.ai.Gather-TestTests";
				PRODUCT_NAME = "$(TARGET_NAME)";
				SWIFT_VERSION = 5.0;
				TARGETED_DEVICE_FAMILY = "1,2";
				TEST_HOST = "$(BUILT_PRODUCTS_DIR)/Gather-Test.app/Gather-Test";
			};
			name = Release;
		};
		6586AA8F2617073700D3D0F8 /* Debug */ = {
			isa = XCBuildConfiguration;
			buildSettings = {
				ALWAYS_EMBED_SWIFT_STANDARD_LIBRARIES = YES;
				CODE_SIGN_STYLE = Automatic;
				INFOPLIST_FILE = "Gather-TestUITests/Info.plist";
				LD_RUNPATH_SEARCH_PATHS = (
					"$(inherited)",
					"@executable_path/Frameworks",
					"@loader_path/Frameworks",
				);
				PRODUCT_BUNDLE_IDENTIFIER = "com.gather.ai.Gather-TestUITests";
				PRODUCT_NAME = "$(TARGET_NAME)";
				SWIFT_VERSION = 5.0;
				TARGETED_DEVICE_FAMILY = "1,2";
				TEST_TARGET_NAME = "Gather-Test";
			};
			name = Debug;
		};
		6586AA902617073700D3D0F8 /* Release */ = {
			isa = XCBuildConfiguration;
			buildSettings = {
				ALWAYS_EMBED_SWIFT_STANDARD_LIBRARIES = YES;
				CODE_SIGN_STYLE = Automatic;
				INFOPLIST_FILE = "Gather-TestUITests/Info.plist";
				LD_RUNPATH_SEARCH_PATHS = (
					"$(inherited)",
					"@executable_path/Frameworks",
					"@loader_path/Frameworks",
				);
				PRODUCT_BUNDLE_IDENTIFIER = "com.gather.ai.Gather-TestUITests";
				PRODUCT_NAME = "$(TARGET_NAME)";
				SWIFT_VERSION = 5.0;
				TARGETED_DEVICE_FAMILY = "1,2";
				TEST_TARGET_NAME = "Gather-Test";
			};
			name = Release;
		};
/* End XCBuildConfiguration section */

/* Begin XCConfigurationList section */
		6586AA592617073600D3D0F8 /* Build configuration list for PBXProject "Gather-Test" */ = {
			isa = XCConfigurationList;
			buildConfigurations = (
				6586AA862617073700D3D0F8 /* Debug */,
				6586AA872617073700D3D0F8 /* Release */,
			);
			defaultConfigurationIsVisible = 0;
			defaultConfigurationName = Release;
		};
		6586AA882617073700D3D0F8 /* Build configuration list for PBXNativeTarget "Gather-Test" */ = {
			isa = XCConfigurationList;
			buildConfigurations = (
				6586AA892617073700D3D0F8 /* Debug */,
				6586AA8A2617073700D3D0F8 /* Release */,
			);
			defaultConfigurationIsVisible = 0;
			defaultConfigurationName = Release;
		};
		6586AA8B2617073700D3D0F8 /* Build configuration list for PBXNativeTarget "Gather-TestTests" */ = {
			isa = XCConfigurationList;
			buildConfigurations = (
				6586AA8C2617073700D3D0F8 /* Debug */,
				6586AA8D2617073700D3D0F8 /* Release */,
			);
			defaultConfigurationIsVisible = 0;
			defaultConfigurationName = Release;
		};
		6586AA8E2617073700D3D0F8 /* Build configuration list for PBXNativeTarget "Gather-TestUITests" */ = {
			isa = XCConfigurationList;
			buildConfigurations = (
				6586AA8F2617073700D3D0F8 /* Debug */,
				6586AA902617073700D3D0F8 /* Release */,
			);
			defaultConfigurationIsVisible = 0;
			defaultConfigurationName = Release;
		};
/* End XCConfigurationList section */
	};
	rootObject = 6586AA562617073600D3D0F8 /* Project object */;
}
